// !$*UTF8*$!
{
	archiveVersion = 1;
	classes = {
	};
	objectVersion = 50;
	objects = {

/* Begin PBXBuildFile section */
		BB8166C825CABF80004B8BEA /* AppDelegate.swift in Sources */ = {isa = PBXBuildFile; fileRef = BB8166C725CABF80004B8BEA /* AppDelegate.swift */; };
		BB8166CA25CABF80004B8BEA /* SceneDelegate.swift in Sources */ = {isa = PBXBuildFile; fileRef = BB8166C925CABF80004B8BEA /* SceneDelegate.swift */; };
		BB8166CF25CABF80004B8BEA /* Main.storyboard in Resources */ = {isa = PBXBuildFile; fileRef = BB8166CD25CABF80004B8BEA /* Main.storyboard */; };
		BB8166D125CABF81004B8BEA /* Assets.xcassets in Resources */ = {isa = PBXBuildFile; fileRef = BB8166D025CABF81004B8BEA /* Assets.xcassets */; };
		BB8166D425CABF81004B8BEA /* LaunchScreen.storyboard in Resources */ = {isa = PBXBuildFile; fileRef = BB8166D225CABF81004B8BEA /* LaunchScreen.storyboard */; };
		BB8166E825CAC251004B8BEA /* MainTabbarController.swift in Sources */ = {isa = PBXBuildFile; fileRef = BB8166E725CAC251004B8BEA /* MainTabbarController.swift */; };
		BB8166EB25CAF4F5004B8BEA /* FeedViewController.swift in Sources */ = {isa = PBXBuildFile; fileRef = BB8166EA25CAF4F5004B8BEA /* FeedViewController.swift */; };
		BB8166EE25CAF555004B8BEA /* SearchViewController.swift in Sources */ = {isa = PBXBuildFile; fileRef = BB8166ED25CAF555004B8BEA /* SearchViewController.swift */; };
		BB8166F125CAF562004B8BEA /* NotificationsViewController.swift in Sources */ = {isa = PBXBuildFile; fileRef = BB8166F025CAF562004B8BEA /* NotificationsViewController.swift */; };
		BB8166F425CAF571004B8BEA /* MessagesViewController.swift in Sources */ = {isa = PBXBuildFile; fileRef = BB8166F325CAF571004B8BEA /* MessagesViewController.swift */; };
		BB8166F725CB0C16004B8BEA /* UIViewExtention.swift in Sources */ = {isa = PBXBuildFile; fileRef = BB8166F625CB0C16004B8BEA /* UIViewExtention.swift */; };
		BB8166FA25CB0C42004B8BEA /* UIColorExtention.swift in Sources */ = {isa = PBXBuildFile; fileRef = BB8166F925CB0C42004B8BEA /* UIColorExtention.swift */; };
		BB8166FD25CB112A004B8BEA /* FloatingButtonActions.swift in Sources */ = {isa = PBXBuildFile; fileRef = BB8166FC25CB112A004B8BEA /* FloatingButtonActions.swift */; };
		BB81670625CC0E30004B8BEA /* UIElements.swift in Sources */ = {isa = PBXBuildFile; fileRef = BB81670525CC0E30004B8BEA /* UIElements.swift */; };
		BB81670925CC139B004B8BEA /* UITextFieldExtension.swift in Sources */ = {isa = PBXBuildFile; fileRef = BB81670825CC139B004B8BEA /* UITextFieldExtension.swift */; };
		BB81670C25CC8D47004B8BEA /* RegistrationViewController.swift in Sources */ = {isa = PBXBuildFile; fileRef = BB81670B25CC8D47004B8BEA /* RegistrationViewController.swift */; };
		BB81671025CC8D7D004B8BEA /* LoginViewController.swift in Sources */ = {isa = PBXBuildFile; fileRef = BB81670F25CC8D7D004B8BEA /* LoginViewController.swift */; };
/* End PBXBuildFile section */

/* Begin PBXFileReference section */
		BB8166C425CABF80004B8BEA /* twitter_clone.app */ = {isa = PBXFileReference; explicitFileType = wrapper.application; includeInIndex = 0; path = twitter_clone.app; sourceTree = BUILT_PRODUCTS_DIR; };
		BB8166C725CABF80004B8BEA /* AppDelegate.swift */ = {isa = PBXFileReference; lastKnownFileType = sourcecode.swift; path = AppDelegate.swift; sourceTree = "<group>"; };
		BB8166C925CABF80004B8BEA /* SceneDelegate.swift */ = {isa = PBXFileReference; lastKnownFileType = sourcecode.swift; path = SceneDelegate.swift; sourceTree = "<group>"; };
		BB8166CE25CABF80004B8BEA /* Base */ = {isa = PBXFileReference; lastKnownFileType = file.storyboard; name = Base; path = Base.lproj/Main.storyboard; sourceTree = "<group>"; };
		BB8166D025CABF81004B8BEA /* Assets.xcassets */ = {isa = PBXFileReference; lastKnownFileType = folder.assetcatalog; path = Assets.xcassets; sourceTree = "<group>"; };
		BB8166D325CABF81004B8BEA /* Base */ = {isa = PBXFileReference; lastKnownFileType = file.storyboard; name = Base; path = Base.lproj/LaunchScreen.storyboard; sourceTree = "<group>"; };
		BB8166D525CABF81004B8BEA /* Info.plist */ = {isa = PBXFileReference; lastKnownFileType = text.plist.xml; path = Info.plist; sourceTree = "<group>"; };
		BB8166E725CAC251004B8BEA /* MainTabbarController.swift */ = {isa = PBXFileReference; lastKnownFileType = sourcecode.swift; path = MainTabbarController.swift; sourceTree = "<group>"; };
		BB8166EA25CAF4F5004B8BEA /* FeedViewController.swift */ = {isa = PBXFileReference; lastKnownFileType = sourcecode.swift; path = FeedViewController.swift; sourceTree = "<group>"; };
		BB8166ED25CAF555004B8BEA /* SearchViewController.swift */ = {isa = PBXFileReference; lastKnownFileType = sourcecode.swift; path = SearchViewController.swift; sourceTree = "<group>"; };
		BB8166F025CAF562004B8BEA /* NotificationsViewController.swift */ = {isa = PBXFileReference; lastKnownFileType = sourcecode.swift; path = NotificationsViewController.swift; sourceTree = "<group>"; };
		BB8166F325CAF571004B8BEA /* MessagesViewController.swift */ = {isa = PBXFileReference; lastKnownFileType = sourcecode.swift; path = MessagesViewController.swift; sourceTree = "<group>"; };
		BB8166F625CB0C16004B8BEA /* UIViewExtention.swift */ = {isa = PBXFileReference; lastKnownFileType = sourcecode.swift; path = UIViewExtention.swift; sourceTree = "<group>"; };
		BB8166F925CB0C42004B8BEA /* UIColorExtention.swift */ = {isa = PBXFileReference; lastKnownFileType = sourcecode.swift; path = UIColorExtention.swift; sourceTree = "<group>"; };
		BB8166FC25CB112A004B8BEA /* FloatingButtonActions.swift */ = {isa = PBXFileReference; lastKnownFileType = sourcecode.swift; path = FloatingButtonActions.swift; sourceTree = "<group>"; };
		BB81670525CC0E30004B8BEA /* UIElements.swift */ = {isa = PBXFileReference; lastKnownFileType = sourcecode.swift; path = UIElements.swift; sourceTree = "<group>"; };
		BB81670825CC139B004B8BEA /* UITextFieldExtension.swift */ = {isa = PBXFileReference; lastKnownFileType = sourcecode.swift; path = UITextFieldExtension.swift; sourceTree = "<group>"; };
		BB81670B25CC8D47004B8BEA /* RegistrationViewController.swift */ = {isa = PBXFileReference; lastKnownFileType = sourcecode.swift; path = RegistrationViewController.swift; sourceTree = "<group>"; };
		BB81670F25CC8D7D004B8BEA /* LoginViewController.swift */ = {isa = PBXFileReference; lastKnownFileType = sourcecode.swift; path = LoginViewController.swift; sourceTree = "<group>"; };
/* End PBXFileReference section */

/* Begin PBXFrameworksBuildPhase section */
		BB8166C125CABF80004B8BEA /* Frameworks */ = {
			isa = PBXFrameworksBuildPhase;
			buildActionMask = 2147483647;
			files = (
			);
			runOnlyForDeploymentPostprocessing = 0;
		};
/* End PBXFrameworksBuildPhase section */

/* Begin PBXGroup section */
		BB8166BB25CABF80004B8BEA = {
			isa = PBXGroup;
			children = (
				BB8166C625CABF80004B8BEA /* twitter_clone */,
				BB8166C525CABF80004B8BEA /* Products */,
			);
			sourceTree = "<group>";
		};
		BB8166C525CABF80004B8BEA /* Products */ = {
			isa = PBXGroup;
			children = (
				BB8166C425CABF80004B8BEA /* twitter_clone.app */,
			);
			name = Products;
			sourceTree = "<group>";
		};
		BB8166C625CABF80004B8BEA /* twitter_clone */ = {
			isa = PBXGroup;
			children = (
				BB8166E425CAC016004B8BEA /* Models */,
				BB8166E325CAC010004B8BEA /* Views */,
				BB8166E225CAC00F004B8BEA /* Controllers */,
				BB8166E125CAC00E004B8BEA /* ViewModels */,
				BB8166E025CAC00C004B8BEA /* Utils */,
				BB8166DD25CABFFF004B8BEA /* APIs */,
				BB8166C725CABF80004B8BEA /* AppDelegate.swift */,
				BB8166C925CABF80004B8BEA /* SceneDelegate.swift */,
				BB8166CD25CABF80004B8BEA /* Main.storyboard */,
				BB8166D025CABF81004B8BEA /* Assets.xcassets */,
				BB8166D225CABF81004B8BEA /* LaunchScreen.storyboard */,
				BB8166D525CABF81004B8BEA /* Info.plist */,
			);
			path = twitter_clone;
			sourceTree = "<group>";
		};
		BB8166DD25CABFFF004B8BEA /* APIs */ = {
			isa = PBXGroup;
			children = (
			);
			path = APIs;
			sourceTree = "<group>";
		};
		BB8166E025CAC00C004B8BEA /* Utils */ = {
			isa = PBXGroup;
			children = (
				BB8166F625CB0C16004B8BEA /* UIViewExtention.swift */,
				BB8166F925CB0C42004B8BEA /* UIColorExtention.swift */,
				BB8166FC25CB112A004B8BEA /* FloatingButtonActions.swift */,
				BB81670525CC0E30004B8BEA /* UIElements.swift */,
				BB81670825CC139B004B8BEA /* UITextFieldExtension.swift */,
			);
			path = Utils;
			sourceTree = "<group>";
		};
		BB8166E125CAC00E004B8BEA /* ViewModels */ = {
			isa = PBXGroup;
			children = (
			);
			path = ViewModels;
			sourceTree = "<group>";
		};
		BB8166E225CAC00F004B8BEA /* Controllers */ = {
			isa = PBXGroup;
			children = (
				BB81670125CB1948004B8BEA /* Auth */,
				BB8166E725CAC251004B8BEA /* MainTabbarController.swift */,
				BB8166EA25CAF4F5004B8BEA /* FeedViewController.swift */,
				BB8166ED25CAF555004B8BEA /* SearchViewController.swift */,
				BB8166F025CAF562004B8BEA /* NotificationsViewController.swift */,
				BB8166F325CAF571004B8BEA /* MessagesViewController.swift */,
			);
			path = Controllers;
			sourceTree = "<group>";
		};
		BB8166E325CAC010004B8BEA /* Views */ = {
			isa = PBXGroup;
			children = (
			);
			path = Views;
			sourceTree = "<group>";
		};
		BB8166E425CAC016004B8BEA /* Models */ = {
			isa = PBXGroup;
			children = (
			);
			path = Models;
			sourceTree = "<group>";
		};
		BB81670125CB1948004B8BEA /* Auth */ = {
			isa = PBXGroup;
			children = (
				BB81670B25CC8D47004B8BEA /* RegistrationViewController.swift */,
				BB81670F25CC8D7D004B8BEA /* LoginViewController.swift */,
			);
			path = Auth;
			sourceTree = "<group>";
		};
/* End PBXGroup section */

/* Begin PBXNativeTarget section */
		BB8166C325CABF80004B8BEA /* twitter_clone */ = {
			isa = PBXNativeTarget;
			buildConfigurationList = BB8166D825CABF81004B8BEA /* Build configuration list for PBXNativeTarget "twitter_clone" */;
			buildPhases = (
				BB8166C025CABF80004B8BEA /* Sources */,
				BB8166C125CABF80004B8BEA /* Frameworks */,
				BB8166C225CABF80004B8BEA /* Resources */,
			);
			buildRules = (
			);
			dependencies = (
			);
			name = twitter_clone;
			productName = twitter_clone;
			productReference = BB8166C425CABF80004B8BEA /* twitter_clone.app */;
			productType = "com.apple.product-type.application";
		};
/* End PBXNativeTarget section */

/* Begin PBXProject section */
		BB8166BC25CABF80004B8BEA /* Project object */ = {
			isa = PBXProject;
			attributes = {
				LastSwiftUpdateCheck = 1220;
				LastUpgradeCheck = 1220;
				TargetAttributes = {
					BB8166C325CABF80004B8BEA = {
						CreatedOnToolsVersion = 12.2;
					};
				};
			};
			buildConfigurationList = BB8166BF25CABF80004B8BEA /* Build configuration list for PBXProject "twitter_clone" */;
			compatibilityVersion = "Xcode 9.3";
			developmentRegion = en;
			hasScannedForEncodings = 0;
			knownRegions = (
				en,
				Base,
			);
			mainGroup = BB8166BB25CABF80004B8BEA;
			productRefGroup = BB8166C525CABF80004B8BEA /* Products */;
			projectDirPath = "";
			projectRoot = "";
			targets = (
				BB8166C325CABF80004B8BEA /* twitter_clone */,
			);
		};
/* End PBXProject section */

/* Begin PBXResourcesBuildPhase section */
		BB8166C225CABF80004B8BEA /* Resources */ = {
			isa = PBXResourcesBuildPhase;
			buildActionMask = 2147483647;
			files = (
				BB8166D425CABF81004B8BEA /* LaunchScreen.storyboard in Resources */,
				BB8166D125CABF81004B8BEA /* Assets.xcassets in Resources */,
				BB8166CF25CABF80004B8BEA /* Main.storyboard in Resources */,
			);
			runOnlyForDeploymentPostprocessing = 0;
		};
/* End PBXResourcesBuildPhase section */

/* Begin PBXSourcesBuildPhase section */
		BB8166C025CABF80004B8BEA /* Sources */ = {
			isa = PBXSourcesBuildPhase;
			buildActionMask = 2147483647;
			files = (
				BB81671025CC8D7D004B8BEA /* LoginViewController.swift in Sources */,
				BB8166EE25CAF555004B8BEA /* SearchViewController.swift in Sources */,
				BB8166F425CAF571004B8BEA /* MessagesViewController.swift in Sources */,
				BB8166C825CABF80004B8BEA /* AppDelegate.swift in Sources */,
				BB8166FD25CB112A004B8BEA /* FloatingButtonActions.swift in Sources */,
				BB81670C25CC8D47004B8BEA /* RegistrationViewController.swift in Sources */,
				BB8166CA25CABF80004B8BEA /* SceneDelegate.swift in Sources */,
				BB8166F125CAF562004B8BEA /* NotificationsViewController.swift in Sources */,
				BB8166EB25CAF4F5004B8BEA /* FeedViewController.swift in Sources */,
				BB81670925CC139B004B8BEA /* UITextFieldExtension.swift in Sources */,
				BB8166E825CAC251004B8BEA /* MainTabbarController.swift in Sources */,
				BB8166F725CB0C16004B8BEA /* UIViewExtention.swift in Sources */,
				BB8166FA25CB0C42004B8BEA /* UIColorExtention.swift in Sources */,
				BB81670625CC0E30004B8BEA /* UIElements.swift in Sources */,
			);
			runOnlyForDeploymentPostprocessing = 0;
		};
/* End PBXSourcesBuildPhase section */

/* Begin PBXVariantGroup section */
		BB8166CD25CABF80004B8BEA /* Main.storyboard */ = {
			isa = PBXVariantGroup;
			children = (
				BB8166CE25CABF80004B8BEA /* Base */,
			);
			name = Main.storyboard;
			sourceTree = "<group>";
		};
		BB8166D225CABF81004B8BEA /* LaunchScreen.storyboard */ = {
			isa = PBXVariantGroup;
			children = (
				BB8166D325CABF81004B8BEA /* Base */,
			);
			name = LaunchScreen.storyboard;
			sourceTree = "<group>";
		};
/* End PBXVariantGroup section */

/* Begin XCBuildConfiguration section */
		BB8166D625CABF81004B8BEA /* Debug */ = {
			isa = XCBuildConfiguration;
			buildSettings = {
				ALWAYS_SEARCH_USER_PATHS = NO;
				CLANG_ANALYZER_NONNULL = YES;
				CLANG_ANALYZER_NUMBER_OBJECT_CONVERSION = YES_AGGRESSIVE;
				CLANG_CXX_LANGUAGE_STANDARD = "gnu++14";
				CLANG_CXX_LIBRARY = "libc++";
				CLANG_ENABLE_MODULES = YES;
				CLANG_ENABLE_OBJC_ARC = YES;
				CLANG_ENABLE_OBJC_WEAK = YES;
				CLANG_WARN_BLOCK_CAPTURE_AUTORELEASING = YES;
				CLANG_WARN_BOOL_CONVERSION = YES;
				CLANG_WARN_COMMA = YES;
				CLANG_WARN_CONSTANT_CONVERSION = YES;
				CLANG_WARN_DEPRECATED_OBJC_IMPLEMENTATIONS = YES;
				CLANG_WARN_DIRECT_OBJC_ISA_USAGE = YES_ERROR;
				CLANG_WARN_DOCUMENTATION_COMMENTS = YES;
				CLANG_WARN_EMPTY_BODY = YES;
				CLANG_WARN_ENUM_CONVERSION = YES;
				CLANG_WARN_INFINITE_RECURSION = YES;
				CLANG_WARN_INT_CONVERSION = YES;
				CLANG_WARN_NON_LITERAL_NULL_CONVERSION = YES;
				CLANG_WARN_OBJC_IMPLICIT_RETAIN_SELF = YES;
				CLANG_WARN_OBJC_LITERAL_CONVERSION = YES;
				CLANG_WARN_OBJC_ROOT_CLASS = YES_ERROR;
				CLANG_WARN_QUOTED_INCLUDE_IN_FRAMEWORK_HEADER = YES;
				CLANG_WARN_RANGE_LOOP_ANALYSIS = YES;
				CLANG_WARN_STRICT_PROTOTYPES = YES;
				CLANG_WARN_SUSPICIOUS_MOVE = YES;
				CLANG_WARN_UNGUARDED_AVAILABILITY = YES_AGGRESSIVE;
				CLANG_WARN_UNREACHABLE_CODE = YES;
				CLANG_WARN__DUPLICATE_METHOD_MATCH = YES;
				COPY_PHASE_STRIP = NO;
				DEBUG_INFORMATION_FORMAT = dwarf;
				ENABLE_STRICT_OBJC_MSGSEND = YES;
				ENABLE_TESTABILITY = YES;
				GCC_C_LANGUAGE_STANDARD = gnu11;
				GCC_DYNAMIC_NO_PIC = NO;
				GCC_NO_COMMON_BLOCKS = YES;
				GCC_OPTIMIZATION_LEVEL = 0;
				GCC_PREPROCESSOR_DEFINITIONS = (
					"DEBUG=1",
					"$(inherited)",
				);
				GCC_WARN_64_TO_32_BIT_CONVERSION = YES;
				GCC_WARN_ABOUT_RETURN_TYPE = YES_ERROR;
				GCC_WARN_UNDECLARED_SELECTOR = YES;
				GCC_WARN_UNINITIALIZED_AUTOS = YES_AGGRESSIVE;
				GCC_WARN_UNUSED_FUNCTION = YES;
				GCC_WARN_UNUSED_VARIABLE = YES;
				IPHONEOS_DEPLOYMENT_TARGET = 14.2;
				MTL_ENABLE_DEBUG_INFO = INCLUDE_SOURCE;
				MTL_FAST_MATH = YES;
				ONLY_ACTIVE_ARCH = YES;
				SDKROOT = iphoneos;
				SWIFT_ACTIVE_COMPILATION_CONDITIONS = DEBUG;
				SWIFT_OPTIMIZATION_LEVEL = "-Onone";
			};
			name = Debug;
		};
		BB8166D725CABF81004B8BEA /* Release */ = {
			isa = XCBuildConfiguration;
			buildSettings = {
				ALWAYS_SEARCH_USER_PATHS = NO;
				CLANG_ANALYZER_NONNULL = YES;
				CLANG_ANALYZER_NUMBER_OBJECT_CONVERSION = YES_AGGRESSIVE;
				CLANG_CXX_LANGUAGE_STANDARD = "gnu++14";
				CLANG_CXX_LIBRARY = "libc++";
				CLANG_ENABLE_MODULES = YES;
				CLANG_ENABLE_OBJC_ARC = YES;
				CLANG_ENABLE_OBJC_WEAK = YES;
				CLANG_WARN_BLOCK_CAPTURE_AUTORELEASING = YES;
				CLANG_WARN_BOOL_CONVERSION = YES;
				CLANG_WARN_COMMA = YES;
				CLANG_WARN_CONSTANT_CONVERSION = YES;
				CLANG_WARN_DEPRECATED_OBJC_IMPLEMENTATIONS = YES;
				CLANG_WARN_DIRECT_OBJC_ISA_USAGE = YES_ERROR;
				CLANG_WARN_DOCUMENTATION_COMMENTS = YES;
				CLANG_WARN_EMPTY_BODY = YES;
				CLANG_WARN_ENUM_CONVERSION = YES;
				CLANG_WARN_INFINITE_RECURSION = YES;
				CLANG_WARN_INT_CONVERSION = YES;
				CLANG_WARN_NON_LITERAL_NULL_CONVERSION = YES;
				CLANG_WARN_OBJC_IMPLICIT_RETAIN_SELF = YES;
				CLANG_WARN_OBJC_LITERAL_CONVERSION = YES;
				CLANG_WARN_OBJC_ROOT_CLASS = YES_ERROR;
				CLANG_WARN_QUOTED_INCLUDE_IN_FRAMEWORK_HEADER = YES;
				CLANG_WARN_RANGE_LOOP_ANALYSIS = YES;
				CLANG_WARN_STRICT_PROTOTYPES = YES;
				CLANG_WARN_SUSPICIOUS_MOVE = YES;
				CLANG_WARN_UNGUARDED_AVAILABILITY = YES_AGGRESSIVE;
				CLANG_WARN_UNREACHABLE_CODE = YES;
				CLANG_WARN__DUPLICATE_METHOD_MATCH = YES;
				COPY_PHASE_STRIP = NO;
				DEBUG_INFORMATION_FORMAT = "dwarf-with-dsym";
				ENABLE_NS_ASSERTIONS = NO;
				ENABLE_STRICT_OBJC_MSGSEND = YES;
				GCC_C_LANGUAGE_STANDARD = gnu11;
				GCC_NO_COMMON_BLOCKS = YES;
				GCC_WARN_64_TO_32_BIT_CONVERSION = YES;
				GCC_WARN_ABOUT_RETURN_TYPE = YES_ERROR;
				GCC_WARN_UNDECLARED_SELECTOR = YES;
				GCC_WARN_UNINITIALIZED_AUTOS = YES_AGGRESSIVE;
				GCC_WARN_UNUSED_FUNCTION = YES;
				GCC_WARN_UNUSED_VARIABLE = YES;
				IPHONEOS_DEPLOYMENT_TARGET = 14.2;
				MTL_ENABLE_DEBUG_INFO = NO;
				MTL_FAST_MATH = YES;
				SDKROOT = iphoneos;
				SWIFT_COMPILATION_MODE = wholemodule;
				SWIFT_OPTIMIZATION_LEVEL = "-O";
				VALIDATE_PRODUCT = YES;
			};
			name = Release;
		};
		BB8166D925CABF81004B8BEA /* Debug */ = {
			isa = XCBuildConfiguration;
			buildSettings = {
				ASSETCATALOG_COMPILER_APPICON_NAME = AppIcon;
				ASSETCATALOG_COMPILER_GLOBAL_ACCENT_COLOR_NAME = AccentColor;
				CODE_SIGN_STYLE = Automatic;
				INFOPLIST_FILE = twitter_clone/Info.plist;
				LD_RUNPATH_SEARCH_PATHS = (
					"$(inherited)",
					"@executable_path/Frameworks",
				);
				PRODUCT_BUNDLE_IDENTIFIER = "eye.corps.twitter-clone";
				PRODUCT_NAME = "$(TARGET_NAME)";
				SWIFT_VERSION = 5.0;
				TARGETED_DEVICE_FAMILY = 1;
			};
			name = Debug;
		};
		BB8166DA25CABF81004B8BEA /* Release */ = {
			isa = XCBuildConfiguration;
			buildSettings = {
				ASSETCATALOG_COMPILER_APPICON_NAME = AppIcon;
				ASSETCATALOG_COMPILER_GLOBAL_ACCENT_COLOR_NAME = AccentColor;
				CODE_SIGN_STYLE = Automatic;
				INFOPLIST_FILE = twitter_clone/Info.plist;
				LD_RUNPATH_SEARCH_PATHS = (
					"$(inherited)",
					"@executable_path/Frameworks",
				);
				PRODUCT_BUNDLE_IDENTIFIER = "eye.corps.twitter-clone";
				PRODUCT_NAME = "$(TARGET_NAME)";
				SWIFT_VERSION = 5.0;
				TARGETED_DEVICE_FAMILY = 1;
			};
			name = Release;
		};
/* End XCBuildConfiguration section */

/* Begin XCConfigurationList section */
		BB8166BF25CABF80004B8BEA /* Build configuration list for PBXProject "twitter_clone" */ = {
			isa = XCConfigurationList;
			buildConfigurations = (
				BB8166D625CABF81004B8BEA /* Debug */,
				BB8166D725CABF81004B8BEA /* Release */,
			);
			defaultConfigurationIsVisible = 0;
			defaultConfigurationName = Release;
		};
		BB8166D825CABF81004B8BEA /* Build configuration list for PBXNativeTarget "twitter_clone" */ = {
			isa = XCConfigurationList;
			buildConfigurations = (
				BB8166D925CABF81004B8BEA /* Debug */,
				BB8166DA25CABF81004B8BEA /* Release */,
			);
			defaultConfigurationIsVisible = 0;
			defaultConfigurationName = Release;
		};
/* End XCConfigurationList section */
	};
	rootObject = BB8166BC25CABF80004B8BEA /* Project object */;
}
